
Microsoft Visual Studio Solution File, Format Version 12.00
Project("{FAE04EC0-301F-11D3-BF4B-00C04F79EFBC}") = "NJsonRpc", "NJsonRpc\NJsonRpc.csproj", "{94BDDD8C-F681-4FA0-8BB7-B9BDC8969FD6}"
EndProject
Project("{FAE04EC0-301F-11D3-BF4B-00C04F79EFBC}") = "NJsonRpc.Test", "NJsonRpc.Test\NJsonRpc.Test.csproj", "{DE1ABA2E-5C24-4D48-A0CA-F13A2D690DC6}"
EndProject
Global
	GlobalSection(SolutionConfigurationPlatforms) = preSolution
		Debug|Any CPU = Debug|Any CPU
		Release|Any CPU = Release|Any CPU
	EndGlobalSection
	GlobalSection(ProjectConfigurationPlatforms) = postSolution
		{94BDDD8C-F681-4FA0-8BB7-B9BDC8969FD6}.Debug|Any CPU.ActiveCfg = Debug|Any CPU
		{94BDDD8C-F681-4FA0-8BB7-B9BDC8969FD6}.Debug|Any CPU.Build.0 = Debug|Any CPU
		{94BDDD8C-F681-4FA0-8BB7-B9BDC8969FD6}.Release|Any CPU.ActiveCfg = Release|Any CPU
		{94BDDD8C-F681-4FA0-8BB7-B9BDC8969FD6}.Release|Any CPU.Build.0 = Release|Any CPU
		{DE1ABA2E-5C24-4D48-A0CA-F13A2D690DC6}.Debug|Any CPU.ActiveCfg = Debug|Any CPU
		{DE1ABA2E-5C24-4D48-A0CA-F13A2D690DC6}.Debug|Any CPU.Build.0 = Debug|Any CPU
		{DE1ABA2E-5C24-4D48-A0CA-F13A2D690DC6}.Release|Any CPU.ActiveCfg = Release|Any CPU
		{DE1ABA2E-5C24-4D48-A0CA-F13A2D690DC6}.Release|Any CPU.Build.0 = Release|Any CPU
	EndGlobalSection
EndGlobal
